
Microsoft Visual Studio Solution File, Format Version 12.00
# Visual Studio 15
VisualStudioVersion = 15.0.28307.421
MinimumVisualStudioVersion = 10.0.40219.1
Project("{FAE04EC0-301F-11D3-BF4B-00C04F79EFBC}") = "Hypertest", "Hypertest\Hypertest.csproj", "{6884A545-9CB5-4AA2-96FB-7F00873AF637}"
EndProject
Global
	GlobalSection(SolutionConfigurationPlatforms) = preSolution
		Debug|Any CPU = Debug|Any CPU
		Release|Any CPU = Release|Any CPU
	EndGlobalSection
	GlobalSection(ProjectConfigurationPlatforms) = postSolution
		{6884A545-9CB5-4AA2-96FB-7F00873AF637}.Debug|Any CPU.ActiveCfg = Debug|Any CPU
		{6884A545-9CB5-4AA2-96FB-7F00873AF637}.Debug|Any CPU.Build.0 = Debug|Any CPU
		{6884A545-9CB5-4AA2-96FB-7F00873AF637}.Release|Any CPU.ActiveCfg = Release|Any CPU
		{6884A545-9CB5-4AA2-96FB-7F00873AF637}.Release|Any CPU.Build.0 = Release|Any CPU
	EndGlobalSection
	GlobalSection(SolutionProperties) = preSolution
		HideSolutionNode = FALSE
	EndGlobalSection
	GlobalSection(ExtensibilityGlobals) = postSolution
		SolutionGuid = {35DD6C55-000D-435E-9FD0-72E458315570}
	EndGlobalSection
EndGlobal
